
Microsoft Visual Studio Solution File, Format Version 11.00
# Visual Studio 2010
Project("{FAE04EC0-301F-11D3-BF4B-00C04F79EFBC}") = "OTAS2WebApp", "OTAS2WebApp\OTAS2WebApp.csproj", "{8BEB34E1-ACC6-44D0-9EE6-E55A6838A80D}"
EndProject
Project("{FAE04EC0-301F-11D3-BF4B-00C04F79EFBC}") = "OTAS2.Domain", "OTAS2.Domain\OTAS2.Domain.csproj", "{184F25B6-A308-41C0-B5A8-6E0C23A61747}"
EndProject
Project("{FAE04EC0-301F-11D3-BF4B-00C04F79EFBC}") = "OTAS2.Repository", "OTAS2.Repository\OTAS2.Repository.csproj", "{0D1BD231-CD3D-4272-A447-B279A2D8B592}"
EndProject
Global
	GlobalSection(SolutionConfigurationPlatforms) = preSolution
		Debug|Any CPU = Debug|Any CPU
		Release|Any CPU = Release|Any CPU
	EndGlobalSection
	GlobalSection(ProjectConfigurationPlatforms) = postSolution
		{8BEB34E1-ACC6-44D0-9EE6-E55A6838A80D}.Debug|Any CPU.ActiveCfg = Debug|Any CPU
		{8BEB34E1-ACC6-44D0-9EE6-E55A6838A80D}.Debug|Any CPU.Build.0 = Debug|Any CPU
		{8BEB34E1-ACC6-44D0-9EE6-E55A6838A80D}.Release|Any CPU.ActiveCfg = Release|Any CPU
		{8BEB34E1-ACC6-44D0-9EE6-E55A6838A80D}.Release|Any CPU.Build.0 = Release|Any CPU
		{184F25B6-A308-41C0-B5A8-6E0C23A61747}.Debug|Any CPU.ActiveCfg = Debug|Any CPU
		{184F25B6-A308-41C0-B5A8-6E0C23A61747}.Debug|Any CPU.Build.0 = Debug|Any CPU
		{184F25B6-A308-41C0-B5A8-6E0C23A61747}.Release|Any CPU.ActiveCfg = Release|Any CPU
		{184F25B6-A308-41C0-B5A8-6E0C23A61747}.Release|Any CPU.Build.0 = Release|Any CPU
		{0D1BD231-CD3D-4272-A447-B279A2D8B592}.Debug|Any CPU.ActiveCfg = Debug|Any CPU
		{0D1BD231-CD3D-4272-A447-B279A2D8B592}.Debug|Any CPU.Build.0 = Debug|Any CPU
		{0D1BD231-CD3D-4272-A447-B279A2D8B592}.Release|Any CPU.ActiveCfg = Release|Any CPU
		{0D1BD231-CD3D-4272-A447-B279A2D8B592}.Release|Any CPU.Build.0 = Release|Any CPU
	EndGlobalSection
	GlobalSection(SolutionProperties) = preSolution
		HideSolutionNode = FALSE
	EndGlobalSection
EndGlobal
